[[package]]
name = "fastapi"
version = "0.100.0"
description = "FastAPI framework, high performance, easy to learn, fast to code, ready for production"
category = "main"
optional = false
python-versions = ">=3.7"
files = [
    {file = "fastapi-0.100.0-py3-none-any.whl", hash = "sha256:271662daf986da8fa98dc2b7c7f61c4abdfdccfb4786d79ed8b2878f172c6d5f"},
    {file = "fastapi-0.100.0.tar.gz", hash = "sha256:acb5f941ea8215663283c10018323ba7ea737c571b67fc7e88e9469c7eb1d12e"}
]

[package.dependencies]
pydantic = ">=2.0.0"
starlette = ">=0.27.0"

[[package]]
name = "pydantic"
version = "2.0.0"
description = "Data validation using Python type hints"
category = "main"
optional = false
python-versions = ">=3.7"
files = [
    {file = "pydantic-2.0.0-py3-none-any.whl", hash = "sha256:b3ef57c62535b0941697cce638c08900d87fcb67e29cfa99e8a68f747f393f7c"},
    {file = "pydantic-2.0.0.tar.gz", hash = "sha256:9c12ed19d1230c5ac2ca4e693636e4e77a4a5ffc7f9c163b5ee67ce389c8c7f5"}
]

[[package]]
name = "uvicorn"
version = "0.22.0"
description = "The lightning-fast ASGI server"
category = "main"
optional = false
python-versions = ">=3.7"
files = [
    {file = "uvicorn-0.22.0-py3-none-any.whl", hash = "sha256:79277ae03db57ce7d9aa0567830bbb51d7a612f54d6e1e3e92da3ef24c2c8ed8"},
    {file = "uvicorn-0.22.0.tar.gz", hash = "sha256:e9434d3bbf05f310e762147f769c9f21235ee118ba2d2bf1155a7196448bd996"}
]

[[package]]
name = "python-jose"
version = "3.3.0"
description = "JOSE implementation in Python"
category = "main"
optional = false
python-versions = "*"
files = [
    {file = "python-jose-3.3.0.tar.gz", hash = "sha256:55779b5e6ad599c6336191246e95eb2293a9ddebd555f796a65f838f07e5d78a"}
]

[[package]]
name = "firebase-admin"
version = "6.1.0"
description = "Firebase Admin Python SDK"
category = "main"
optional = false
python-versions = ">=3.7"
files = [
    {file = "firebase-admin-6.1.0.tar.gz", hash = "sha256:d5cd0d06f6e9ed9b8953a2c32ea78b5d82d44d8db019aa166c2f1075e2d4f3c5"}
]

[[package]]
name = "redis"
version = "4.6.0"
description = "Python client for Redis database and key-value store"
category = "main"
optional = false
python-versions = ">=3.7"
files = [
    {file = "redis-4.6.0-py3-none-any.whl", hash = "sha256:e14c9d936496de5c3850f1c1c1e10ec5c05d8d18a440c5c8eba5eadfe7c47f6e"}
]

[[package]]
name = "boto3"
version = "1.28.0"
description = "The AWS SDK for Python"
category = "main"
optional = false
python-versions = ">=3.7"
files = [
    {file = "boto3-1.28.0-py3-none-any.whl", hash = "sha256:b1733f1c0d4b2545f8c7e67d33d992e15d04a44c2f90d2e7c4b2d8b4c4d5ad0c"}
]

[[package]]
name = "numpy"
version = "1.24.0"
description = "Fundamental package for array computing in Python"
category = "main"
optional = false
python-versions = ">=3.8"
files = [
    {file = "numpy-1.24.0-cp311-cp311-manylinux_2_17_x86_64.manylinux2014_x86_64.whl", hash = "sha256:c4ab7c9711fe6b235e86487ca74c1b092a6dd59a3cb45b63241ea0a148501853"}
]

[[package]]
name = "pandas"
version = "2.0.0"
description = "Powerful data structures for data analysis, time series, and statistics"
category = "main"
optional = false
python-versions = ">=3.8"
files = [
    {file = "pandas-2.0.0-cp311-cp311-manylinux_2_17_x86_64.manylinux2014_x86_64.whl", hash = "sha256:bbb2c5e94d6aa4e775789d61d9f4a0532b60a4a52e329be337a01ff7c7ffa4c1"}
]

[package.dependencies]
numpy = ">=1.20.3"

[[package]]
name = "openai"
version = "1.0.0"
description = "OpenAI API client library"
category = "main"
optional = false
python-versions = ">=3.7.1"
files = [
    {file = "openai-1.0.0-py3-none-any.whl", hash = "sha256:98f1b9619d61f2c53a0d6e00e6e0945ae9c7ff7f4f5f2c4e6731d9e107d713d9"}
]

[[package]]
name = "celery"
version = "5.3.0"
description = "Distributed Task Queue"
category = "main"
optional = false
python-versions = ">=3.8"
files = [
    {file = "celery-5.3.0-py3-none-any.whl", hash = "sha256:27f8f3f3b58de6e0ab4f174791383bbd7445aff0471a41e8f9e4c04168fb8517"}
]

[[package]]
name = "requests"
version = "2.31.0"
description = "Python HTTP for Humans"
category = "main"
optional = false
python-versions = ">=3.7"
files = [
    {file = "requests-2.31.0-py3-none-any.whl", hash = "sha256:58cd2187c01e70e6e26505bca751777aa9f2ee0b7f4300988b709f44e013003f"}
]

[[package]]
name = "python-multipart"
version = "0.0.6"
description = "A streaming multipart parser for Python"
category = "main"
optional = false
python-versions = ">=3.7"
files = [
    {file = "python-multipart-0.0.6.tar.gz", hash = "sha256:e9925a80bb668529f1b67c7fdb0a5dacdd7cbfc6fb0bff4565012f18aa3f3a47"}
]

# Development dependencies
[[package]]
name = "pytest"
version = "7.4.0"
description = "pytest: simple powerful testing with Python"
category = "dev"
optional = false
python-versions = ">=3.7"
files = [
    {file = "pytest-7.4.0-py3-none-any.whl", hash = "sha256:78bf16451a2eb8c7a2ea98e32dc119fd2aa758f1d5d66dbf0a59d69a3969df32"}
]

[[package]]
name = "pytest-cov"
version = "4.1.0"
description = "Pytest plugin for measuring coverage"
category = "dev"
optional = false
python-versions = ">=3.7"
files = [
    {file = "pytest-cov-4.1.0.tar.gz", hash = "sha256:3904b13dfbfec47f003b8e77fd5b589cd11904a21ddf1ab38a64f204d6a10ef6"}
]

[[package]]
name = "pytest-asyncio"
version = "0.21.0"
description = "Pytest support for asyncio"
category = "dev"
optional = false
python-versions = ">=3.7"
files = [
    {file = "pytest-asyncio-0.21.0.tar.gz", hash = "sha256:2b38a496aef56f56b0e87557ec313e11e1ab9276fc3863f6a7be0f1d0e415e1b"}
]

[[package]]
name = "black"
version = "23.3.0"
description = "The uncompromising code formatter"
category = "dev"
optional = false
python-versions = ">=3.7"
files = [
    {file = "black-23.3.0-py3-none-any.whl", hash = "sha256:0945e13506be58bf7db93ee5853243eb368ace1c08a24c65ce108986eac65915"}
]

[[package]]
name = "isort"
version = "5.12.0"
description = "A Python utility / library to sort Python imports"
category = "dev"
optional = false
python-versions = ">=3.8.0"
files = [
    {file = "isort-5.12.0-py3-none-any.whl", hash = "sha256:8bef7dde241278824a6d83f44a544709b065191b95b6e50894bdc722fcba0504"}
]

[[package]]
name = "flake8"
version = "6.0.0"
description = "the modular source code checker: pep8 pyflakes and co"
category = "dev"
optional = false
python-versions = ">=3.8.1"
files = [
    {file = "flake8-6.0.0-py2.py3-none-any.whl", hash = "sha256:3833794e27ff64ea4e9cf5d410082a8b97ff1a06c16aa3d2027339cd0f1195c7"}
]

[[package]]
name = "mypy"
version = "1.4.0"
description = "Optional static typing for Python"
category = "dev"
optional = false
python-versions = ">=3.7"
files = [
    {file = "mypy-1.4.0-py3-none-any.whl", hash = "sha256:89a47067e4b91f817d1e2e2dc75bee101c2bd01f790a0f702cec6a42fe6181d6"}
]

[metadata]
lock-version = "2.0"
python-versions = ">=3.11,<4.0"
content-hash = "sha256:e3b0c44298fc1c149afbf4c8996fb92427ae41e4649b934ca495991b7852b855"